// !$*UTF8*$!
{
	archiveVersion = 1;
	classes = {
	};
	objectVersion = 48;
	objects = {

/* Begin PBXBuildFile section */
		A99D2B1920BD0296F5B69B7E /* Pods_Pixel_City.framework in Frameworks */ = {isa = PBXBuildFile; fileRef = B024563F8CA7F14213D2CA4F /* Pods_Pixel_City.framework */; };
		BF6E71141FBBA6B9004DD454 /* PhotoCell.swift in Sources */ = {isa = PBXBuildFile; fileRef = BF6E71131FBBA6B9004DD454 /* PhotoCell.swift */; };
		BF6E71161FBBA88A004DD454 /* Constants.swift in Sources */ = {isa = PBXBuildFile; fileRef = BF6E71151FBBA88A004DD454 /* Constants.swift */; };
		BF6E71181FBBAB2B004DD454 /* PrivateConstants.swift in Sources */ = {isa = PBXBuildFile; fileRef = BF6E71171FBBAB2B004DD454 /* PrivateConstants.swift */; };
		BF8D1D7F1FB8E790002C9742 /* DroppablePin.swift in Sources */ = {isa = PBXBuildFile; fileRef = BF8D1D7E1FB8E790002C9742 /* DroppablePin.swift */; };
		BFBD52051FB3AEB8004A8AE4 /* AppDelegate.swift in Sources */ = {isa = PBXBuildFile; fileRef = BFBD52041FB3AEB8004A8AE4 /* AppDelegate.swift */; };
		BFBD52071FB3AEB8004A8AE4 /* MapVC.swift in Sources */ = {isa = PBXBuildFile; fileRef = BFBD52061FB3AEB8004A8AE4 /* MapVC.swift */; };
		BFBD520A1FB3AEB8004A8AE4 /* Main.storyboard in Resources */ = {isa = PBXBuildFile; fileRef = BFBD52081FB3AEB8004A8AE4 /* Main.storyboard */; };
		BFBD520C1FB3AEB8004A8AE4 /* Assets.xcassets in Resources */ = {isa = PBXBuildFile; fileRef = BFBD520B1FB3AEB8004A8AE4 /* Assets.xcassets */; };
		BFBD520F1FB3AEB8004A8AE4 /* LaunchScreen.storyboard in Resources */ = {isa = PBXBuildFile; fileRef = BFBD520D1FB3AEB8004A8AE4 /* LaunchScreen.storyboard */; };
/* End PBXBuildFile section */

/* Begin PBXFileReference section */
		535A03FA74097792778FBB08 /* Pods-Pixel City.debug.xcconfig */ = {isa = PBXFileReference; includeInIndex = 1; lastKnownFileType = text.xcconfig; name = "Pods-Pixel City.debug.xcconfig"; path = "Pods/Target Support Files/Pods-Pixel City/Pods-Pixel City.debug.xcconfig"; sourceTree = "<group>"; };
		B024563F8CA7F14213D2CA4F /* Pods_Pixel_City.framework */ = {isa = PBXFileReference; explicitFileType = wrapper.framework; includeInIndex = 0; path = Pods_Pixel_City.framework; sourceTree = BUILT_PRODUCTS_DIR; };
		BF6E71131FBBA6B9004DD454 /* PhotoCell.swift */ = {isa = PBXFileReference; lastKnownFileType = sourcecode.swift; path = PhotoCell.swift; sourceTree = "<group>"; };
		BF6E71151FBBA88A004DD454 /* Constants.swift */ = {isa = PBXFileReference; lastKnownFileType = sourcecode.swift; path = Constants.swift; sourceTree = "<group>"; };
		BF6E71171FBBAB2B004DD454 /* PrivateConstants.swift */ = {isa = PBXFileReference; lastKnownFileType = sourcecode.swift; path = PrivateConstants.swift; sourceTree = "<group>"; };
		BF8D1D7E1FB8E790002C9742 /* DroppablePin.swift */ = {isa = PBXFileReference; lastKnownFileType = sourcecode.swift; path = DroppablePin.swift; sourceTree = "<group>"; };
		BFBD52011FB3AEB8004A8AE4 /* Pixel City.app */ = {isa = PBXFileReference; explicitFileType = wrapper.application; includeInIndex = 0; path = "Pixel City.app"; sourceTree = BUILT_PRODUCTS_DIR; };
		BFBD52041FB3AEB8004A8AE4 /* AppDelegate.swift */ = {isa = PBXFileReference; lastKnownFileType = sourcecode.swift; path = AppDelegate.swift; sourceTree = "<group>"; };
		BFBD52061FB3AEB8004A8AE4 /* MapVC.swift */ = {isa = PBXFileReference; lastKnownFileType = sourcecode.swift; path = MapVC.swift; sourceTree = "<group>"; };
		BFBD52091FB3AEB8004A8AE4 /* Base */ = {isa = PBXFileReference; lastKnownFileType = file.storyboard; name = Base; path = Base.lproj/Main.storyboard; sourceTree = "<group>"; };
		BFBD520B1FB3AEB8004A8AE4 /* Assets.xcassets */ = {isa = PBXFileReference; lastKnownFileType = folder.assetcatalog; path = Assets.xcassets; sourceTree = "<group>"; };
		BFBD520E1FB3AEB8004A8AE4 /* Base */ = {isa = PBXFileReference; lastKnownFileType = file.storyboard; name = Base; path = Base.lproj/LaunchScreen.storyboard; sourceTree = "<group>"; };
		BFBD52101FB3AEB8004A8AE4 /* Info.plist */ = {isa = PBXFileReference; lastKnownFileType = text.plist.xml; path = Info.plist; sourceTree = "<group>"; };
		DCFA134EF31B1742E73ED65E /* Pods-Pixel City.release.xcconfig */ = {isa = PBXFileReference; includeInIndex = 1; lastKnownFileType = text.xcconfig; name = "Pods-Pixel City.release.xcconfig"; path = "Pods/Target Support Files/Pods-Pixel City/Pods-Pixel City.release.xcconfig"; sourceTree = "<group>"; };
/* End PBXFileReference section */

/* Begin PBXFrameworksBuildPhase section */
		BFBD51FE1FB3AEB8004A8AE4 /* Frameworks */ = {
			isa = PBXFrameworksBuildPhase;
			buildActionMask = 2147483647;
			files = (
				A99D2B1920BD0296F5B69B7E /* Pods_Pixel_City.framework in Frameworks */,
			);
			runOnlyForDeploymentPostprocessing = 0;
		};
/* End PBXFrameworksBuildPhase section */

/* Begin PBXGroup section */
		12F32E201A50A0793F35B472 /* Frameworks */ = {
			isa = PBXGroup;
			children = (
				B024563F8CA7F14213D2CA4F /* Pods_Pixel_City.framework */,
			);
			name = Frameworks;
			sourceTree = "<group>";
		};
		1E367588028B87A57AB02387 /* Pods */ = {
			isa = PBXGroup;
			children = (
				535A03FA74097792778FBB08 /* Pods-Pixel City.debug.xcconfig */,
				DCFA134EF31B1742E73ED65E /* Pods-Pixel City.release.xcconfig */,
			);
			name = Pods;
			sourceTree = "<group>";
		};
		BFBD51F81FB3AEB8004A8AE4 = {
			isa = PBXGroup;
			children = (
				BFBD52031FB3AEB8004A8AE4 /* Pixel City */,
				BFBD52021FB3AEB8004A8AE4 /* Products */,
				1E367588028B87A57AB02387 /* Pods */,
				12F32E201A50A0793F35B472 /* Frameworks */,
			);
			sourceTree = "<group>";
		};
		BFBD52021FB3AEB8004A8AE4 /* Products */ = {
			isa = PBXGroup;
			children = (
				BFBD52011FB3AEB8004A8AE4 /* Pixel City.app */,
			);
			name = Products;
			sourceTree = "<group>";
		};
		BFBD52031FB3AEB8004A8AE4 /* Pixel City */ = {
			isa = PBXGroup;
			children = (
				BFBD52161FB3AF14004A8AE4 /* Controller */,
				BFBD52181FB3AF34004A8AE4 /* Extension */,
				BFBD52191FB3AF41004A8AE4 /* Utilities */,
				BFBD52171FB3AF27004A8AE4 /* View */,
				BFBD52041FB3AEB8004A8AE4 /* AppDelegate.swift */,
				BFBD52081FB3AEB8004A8AE4 /* Main.storyboard */,
				BFBD520B1FB3AEB8004A8AE4 /* Assets.xcassets */,
				BFBD520D1FB3AEB8004A8AE4 /* LaunchScreen.storyboard */,
				BFBD52101FB3AEB8004A8AE4 /* Info.plist */,
			);
			path = "Pixel City";
			sourceTree = "<group>";
		};
		BFBD52161FB3AF14004A8AE4 /* Controller */ = {
			isa = PBXGroup;
			children = (
				BFBD52061FB3AEB8004A8AE4 /* MapVC.swift */,
			);
			path = Controller;
			sourceTree = "<group>";
		};
		BFBD52171FB3AF27004A8AE4 /* View */ = {
			isa = PBXGroup;
			children = (
				BF8D1D7E1FB8E790002C9742 /* DroppablePin.swift */,
				BF6E71131FBBA6B9004DD454 /* PhotoCell.swift */,
			);
			path = View;
			sourceTree = "<group>";
		};
		BFBD52181FB3AF34004A8AE4 /* Extension */ = {
			isa = PBXGroup;
			children = (
			);
			path = Extension;
			sourceTree = "<group>";
		};
		BFBD52191FB3AF41004A8AE4 /* Utilities */ = {
			isa = PBXGroup;
			children = (
				BF6E71151FBBA88A004DD454 /* Constants.swift */,
				BF6E71171FBBAB2B004DD454 /* PrivateConstants.swift */,
			);
			path = Utilities;
			sourceTree = "<group>";
		};
/* End PBXGroup section */

/* Begin PBXNativeTarget section */
		BFBD52001FB3AEB8004A8AE4 /* Pixel City */ = {
			isa = PBXNativeTarget;
			buildConfigurationList = BFBD52131FB3AEB8004A8AE4 /* Build configuration list for PBXNativeTarget "Pixel City" */;
			buildPhases = (
				5588F42DD9BFD317631D1A27 /* [CP] Check Pods Manifest.lock */,
				BFBD51FD1FB3AEB8004A8AE4 /* Sources */,
				BFBD51FE1FB3AEB8004A8AE4 /* Frameworks */,
				BFBD51FF1FB3AEB8004A8AE4 /* Resources */,
				8A8686C91B8EF327BE3A3E65 /* [CP] Embed Pods Frameworks */,
				D816435746C1736DBB30BB4E /* [CP] Copy Pods Resources */,
			);
			buildRules = (
			);
			dependencies = (
			);
			name = "Pixel City";
			productName = "Pixel City";
			productReference = BFBD52011FB3AEB8004A8AE4 /* Pixel City.app */;
			productType = "com.apple.product-type.application";
		};
/* End PBXNativeTarget section */

/* Begin PBXProject section */
		BFBD51F91FB3AEB8004A8AE4 /* Project object */ = {
			isa = PBXProject;
			attributes = {
				LastSwiftUpdateCheck = 0900;
				LastUpgradeCheck = 0900;
				ORGANIZATIONNAME = ClementM;
				TargetAttributes = {
					BFBD52001FB3AEB8004A8AE4 = {
						CreatedOnToolsVersion = 9.0;
						ProvisioningStyle = Automatic;
					};
				};
			};
			buildConfigurationList = BFBD51FC1FB3AEB8004A8AE4 /* Build configuration list for PBXProject "Pixel City" */;
			compatibilityVersion = "Xcode 8.0";
			developmentRegion = en;
			hasScannedForEncodings = 0;
			knownRegions = (
				en,
				Base,
			);
			mainGroup = BFBD51F81FB3AEB8004A8AE4;
			productRefGroup = BFBD52021FB3AEB8004A8AE4 /* Products */;
			projectDirPath = "";
			projectRoot = "";
			targets = (
				BFBD52001FB3AEB8004A8AE4 /* Pixel City */,
			);
		};
/* End PBXProject section */

/* Begin PBXResourcesBuildPhase section */
		BFBD51FF1FB3AEB8004A8AE4 /* Resources */ = {
			isa = PBXResourcesBuildPhase;
			buildActionMask = 2147483647;
			files = (
				BFBD520F1FB3AEB8004A8AE4 /* LaunchScreen.storyboard in Resources */,
				BFBD520C1FB3AEB8004A8AE4 /* Assets.xcassets in Resources */,
				BFBD520A1FB3AEB8004A8AE4 /* Main.storyboard in Resources */,
			);
			runOnlyForDeploymentPostprocessing = 0;
		};
/* End PBXResourcesBuildPhase section */

/* Begin PBXShellScriptBuildPhase section */
		5588F42DD9BFD317631D1A27 /* [CP] Check Pods Manifest.lock */ = {
			isa = PBXShellScriptBuildPhase;
			buildActionMask = 2147483647;
			files = (
			);
			inputPaths = (
			);
			name = "[CP] Check Pods Manifest.lock";
			outputPaths = (
			);
			runOnlyForDeploymentPostprocessing = 0;
			shellPath = /bin/sh;
			shellScript = "diff \"${PODS_ROOT}/../Podfile.lock\" \"${PODS_ROOT}/Manifest.lock\" > /dev/null\nif [ $? != 0 ] ; then\n    # print error to STDERR\n    echo \"error: The sandbox is not in sync with the Podfile.lock. Run 'pod install' or update your CocoaPods installation.\" >&2\n    exit 1\nfi\n";
			showEnvVarsInLog = 0;
		};
		8A8686C91B8EF327BE3A3E65 /* [CP] Embed Pods Frameworks */ = {
			isa = PBXShellScriptBuildPhase;
			buildActionMask = 2147483647;
			files = (
			);
			inputPaths = (
			);
			name = "[CP] Embed Pods Frameworks";
			outputPaths = (
			);
			runOnlyForDeploymentPostprocessing = 0;
			shellPath = /bin/sh;
			shellScript = "\"${SRCROOT}/Pods/Target Support Files/Pods-Pixel City/Pods-Pixel City-frameworks.sh\"\n";
			showEnvVarsInLog = 0;
		};
		D816435746C1736DBB30BB4E /* [CP] Copy Pods Resources */ = {
			isa = PBXShellScriptBuildPhase;
			buildActionMask = 2147483647;
			files = (
			);
			inputPaths = (
			);
			name = "[CP] Copy Pods Resources";
			outputPaths = (
			);
			runOnlyForDeploymentPostprocessing = 0;
			shellPath = /bin/sh;
			shellScript = "\"${SRCROOT}/Pods/Target Support Files/Pods-Pixel City/Pods-Pixel City-resources.sh\"\n";
			showEnvVarsInLog = 0;
		};
/* End PBXShellScriptBuildPhase section */

/* Begin PBXSourcesBuildPhase section */
		BFBD51FD1FB3AEB8004A8AE4 /* Sources */ = {
			isa = PBXSourcesBuildPhase;
			buildActionMask = 2147483647;
			files = (
				BF6E71161FBBA88A004DD454 /* Constants.swift in Sources */,
				BF6E71181FBBAB2B004DD454 /* PrivateConstants.swift in Sources */,
				BF6E71141FBBA6B9004DD454 /* PhotoCell.swift in Sources */,
				BFBD52071FB3AEB8004A8AE4 /* MapVC.swift in Sources */,
				BF8D1D7F1FB8E790002C9742 /* DroppablePin.swift in Sources */,
				BFBD52051FB3AEB8004A8AE4 /* AppDelegate.swift in Sources */,
			);
			runOnlyForDeploymentPostprocessing = 0;
		};
/* End PBXSourcesBuildPhase section */

/* Begin PBXVariantGroup section */
		BFBD52081FB3AEB8004A8AE4 /* Main.storyboard */ = {
			isa = PBXVariantGroup;
			children = (
				BFBD52091FB3AEB8004A8AE4 /* Base */,
			);
			name = Main.storyboard;
			sourceTree = "<group>";
		};
		BFBD520D1FB3AEB8004A8AE4 /* LaunchScreen.storyboard */ = {
			isa = PBXVariantGroup;
			children = (
				BFBD520E1FB3AEB8004A8AE4 /* Base */,
			);
			name = LaunchScreen.storyboard;
			sourceTree = "<group>";
		};
/* End PBXVariantGroup section */

/* Begin XCBuildConfiguration section */
		BFBD52111FB3AEB8004A8AE4 /* Debug */ = {
			isa = XCBuildConfiguration;
			buildSettings = {
				ALWAYS_SEARCH_USER_PATHS = NO;
				CLANG_ANALYZER_NONNULL = YES;
				CLANG_ANALYZER_NUMBER_OBJECT_CONVERSION = YES_AGGRESSIVE;
				CLANG_CXX_LANGUAGE_STANDARD = "gnu++14";
				CLANG_CXX_LIBRARY = "libc++";
				CLANG_ENABLE_MODULES = YES;
				CLANG_ENABLE_OBJC_ARC = YES;
				CLANG_WARN_BLOCK_CAPTURE_AUTORELEASING = YES;
				CLANG_WARN_BOOL_CONVERSION = YES;
				CLANG_WARN_COMMA = YES;
				CLANG_WARN_CONSTANT_CONVERSION = YES;
				CLANG_WARN_DIRECT_OBJC_ISA_USAGE = YES_ERROR;
				CLANG_WARN_DOCUMENTATION_COMMENTS = YES;
				CLANG_WARN_EMPTY_BODY = YES;
				CLANG_WARN_ENUM_CONVERSION = YES;
				CLANG_WARN_INFINITE_RECURSION = YES;
				CLANG_WARN_INT_CONVERSION = YES;
				CLANG_WARN_NON_LITERAL_NULL_CONVERSION = YES;
				CLANG_WARN_OBJC_LITERAL_CONVERSION = YES;
				CLANG_WARN_OBJC_ROOT_CLASS = YES_ERROR;
				CLANG_WARN_RANGE_LOOP_ANALYSIS = YES;
				CLANG_WARN_STRICT_PROTOTYPES = YES;
				CLANG_WARN_SUSPICIOUS_MOVE = YES;
				CLANG_WARN_UNGUARDED_AVAILABILITY = YES_AGGRESSIVE;
				CLANG_WARN_UNREACHABLE_CODE = YES;
				CLANG_WARN__DUPLICATE_METHOD_MATCH = YES;
				CODE_SIGN_IDENTITY = "iPhone Developer";
				COPY_PHASE_STRIP = NO;
				DEBUG_INFORMATION_FORMAT = dwarf;
				ENABLE_STRICT_OBJC_MSGSEND = YES;
				ENABLE_TESTABILITY = YES;
				GCC_C_LANGUAGE_STANDARD = gnu11;
				GCC_DYNAMIC_NO_PIC = NO;
				GCC_NO_COMMON_BLOCKS = YES;
				GCC_OPTIMIZATION_LEVEL = 0;
				GCC_PREPROCESSOR_DEFINITIONS = (
					"DEBUG=1",
					"$(inherited)",
				);
				GCC_WARN_64_TO_32_BIT_CONVERSION = YES;
				GCC_WARN_ABOUT_RETURN_TYPE = YES_ERROR;
				GCC_WARN_UNDECLARED_SELECTOR = YES;
				GCC_WARN_UNINITIALIZED_AUTOS = YES_AGGRESSIVE;
				GCC_WARN_UNUSED_FUNCTION = YES;
				GCC_WARN_UNUSED_VARIABLE = YES;
				IPHONEOS_DEPLOYMENT_TARGET = 11.0;
				MTL_ENABLE_DEBUG_INFO = YES;
				ONLY_ACTIVE_ARCH = YES;
				SDKROOT = iphoneos;
				SWIFT_ACTIVE_COMPILATION_CONDITIONS = DEBUG;
				SWIFT_OPTIMIZATION_LEVEL = "-Onone";
			};
			name = Debug;
		};
		BFBD52121FB3AEB8004A8AE4 /* Release */ = {
			isa = XCBuildConfiguration;
			buildSettings = {
				ALWAYS_SEARCH_USER_PATHS = NO;
				CLANG_ANALYZER_NONNULL = YES;
				CLANG_ANALYZER_NUMBER_OBJECT_CONVERSION = YES_AGGRESSIVE;
				CLANG_CXX_LANGUAGE_STANDARD = "gnu++14";
				CLANG_CXX_LIBRARY = "libc++";
				CLANG_ENABLE_MODULES = YES;
				CLANG_ENABLE_OBJC_ARC = YES;
				CLANG_WARN_BLOCK_CAPTURE_AUTORELEASING = YES;
				CLANG_WARN_BOOL_CONVERSION = YES;
				CLANG_WARN_COMMA = YES;
				CLANG_WARN_CONSTANT_CONVERSION = YES;
				CLANG_WARN_DIRECT_OBJC_ISA_USAGE = YES_ERROR;
				CLANG_WARN_DOCUMENTATION_COMMENTS = YES;
				CLANG_WARN_EMPTY_BODY = YES;
				CLANG_WARN_ENUM_CONVERSION = YES;
				CLANG_WARN_INFINITE_RECURSION = YES;
				CLANG_WARN_INT_CONVERSION = YES;
				CLANG_WARN_NON_LITERAL_NULL_CONVERSION = YES;
				CLANG_WARN_OBJC_LITERAL_CONVERSION = YES;
				CLANG_WARN_OBJC_ROOT_CLASS = YES_ERROR;
				CLANG_WARN_RANGE_LOOP_ANALYSIS = YES;
				CLANG_WARN_STRICT_PROTOTYPES = YES;
				CLANG_WARN_SUSPICIOUS_MOVE = YES;
				CLANG_WARN_UNGUARDED_AVAILABILITY = YES_AGGRESSIVE;
				CLANG_WARN_UNREACHABLE_CODE = YES;
				CLANG_WARN__DUPLICATE_METHOD_MATCH = YES;
				CODE_SIGN_IDENTITY = "iPhone Developer";
				COPY_PHASE_STRIP = NO;
				DEBUG_INFORMATION_FORMAT = "dwarf-with-dsym";
				ENABLE_NS_ASSERTIONS = NO;
				ENABLE_STRICT_OBJC_MSGSEND = YES;
				GCC_C_LANGUAGE_STANDARD = gnu11;
				GCC_NO_COMMON_BLOCKS = YES;
				GCC_WARN_64_TO_32_BIT_CONVERSION = YES;
				GCC_WARN_ABOUT_RETURN_TYPE = YES_ERROR;
				GCC_WARN_UNDECLARED_SELECTOR = YES;
				GCC_WARN_UNINITIALIZED_AUTOS = YES_AGGRESSIVE;
				GCC_WARN_UNUSED_FUNCTION = YES;
				GCC_WARN_UNUSED_VARIABLE = YES;
				IPHONEOS_DEPLOYMENT_TARGET = 11.0;
				MTL_ENABLE_DEBUG_INFO = NO;
				SDKROOT = iphoneos;
				SWIFT_OPTIMIZATION_LEVEL = "-Owholemodule";
				VALIDATE_PRODUCT = YES;
			};
			name = Release;
		};
		BFBD52141FB3AEB8004A8AE4 /* Debug */ = {
			isa = XCBuildConfiguration;
			baseConfigurationReference = 535A03FA74097792778FBB08 /* Pods-Pixel City.debug.xcconfig */;
			buildSettings = {
				ASSETCATALOG_COMPILER_APPICON_NAME = AppIcon;
				CODE_SIGN_STYLE = Automatic;
				DEVELOPMENT_TEAM = V836JU6J3D;
				INFOPLIST_FILE = "Pixel City/Info.plist";
				IPHONEOS_DEPLOYMENT_TARGET = 11.1;
				LD_RUNPATH_SEARCH_PATHS = "$(inherited) @executable_path/Frameworks";
				PRODUCT_BUNDLE_IDENTIFIER = "com.clementm.Pixel-City";
				PRODUCT_NAME = "$(TARGET_NAME)";
				SWIFT_VERSION = 4.0;
				TARGETED_DEVICE_FAMILY = "1,2";
			};
			name = Debug;
		};
		BFBD52151FB3AEB8004A8AE4 /* Release */ = {
			isa = XCBuildConfiguration;
			baseConfigurationReference = DCFA134EF31B1742E73ED65E /* Pods-Pixel City.release.xcconfig */;
			buildSettings = {
				ASSETCATALOG_COMPILER_APPICON_NAME = AppIcon;
				CODE_SIGN_STYLE = Automatic;
				DEVELOPMENT_TEAM = V836JU6J3D;
				INFOPLIST_FILE = "Pixel City/Info.plist";
				IPHONEOS_DEPLOYMENT_TARGET = 11.1;
				LD_RUNPATH_SEARCH_PATHS = "$(inherited) @executable_path/Frameworks";
				PRODUCT_BUNDLE_IDENTIFIER = "com.clementm.Pixel-City";
				PRODUCT_NAME = "$(TARGET_NAME)";
				SWIFT_VERSION = 4.0;
				TARGETED_DEVICE_FAMILY = "1,2";
			};
			name = Release;
		};
/* End XCBuildConfiguration section */

/* Begin XCConfigurationList section */
		BFBD51FC1FB3AEB8004A8AE4 /* Build configuration list for PBXProject "Pixel City" */ = {
			isa = XCConfigurationList;
			buildConfigurations = (
				BFBD52111FB3AEB8004A8AE4 /* Debug */,
				BFBD52121FB3AEB8004A8AE4 /* Release */,
			);
			defaultConfigurationIsVisible = 0;
			defaultConfigurationName = Release;
		};
		BFBD52131FB3AEB8004A8AE4 /* Build configuration list for PBXNativeTarget "Pixel City" */ = {
			isa = XCConfigurationList;
			buildConfigurations = (
				BFBD52141FB3AEB8004A8AE4 /* Debug */,
				BFBD52151FB3AEB8004A8AE4 /* Release */,
			);
			defaultConfigurationIsVisible = 0;
			defaultConfigurationName = Release;
		};
/* End XCConfigurationList section */
	};
	rootObject = BFBD51F91FB3AEB8004A8AE4 /* Project object */;
}
